
Microsoft Visual Studio Solution File, Format Version 12.00
# Visual Studio Version 17
VisualStudioVersion = 17.5.33530.505
MinimumVisualStudioVersion = 10.0.40219.1
Project("{FAE04EC0-301F-11D3-BF4B-00C04F79EFBC}") = "WebAppProject", "WebAppProject\WebAppProject.csproj", "{1C3FA299-4BB8-4E61-802E-431B1F742D12}"
EndProject
Global
	GlobalSection(SolutionConfigurationPlatforms) = preSolution
		Debug|Any CPU = Debug|Any CPU
		Release|Any CPU = Release|Any CPU
	EndGlobalSection
	GlobalSection(ProjectConfigurationPlatforms) = postSolution
		{1C3FA299-4BB8-4E61-802E-431B1F742D12}.Debug|Any CPU.ActiveCfg = Debug|Any CPU
		{1C3FA299-4BB8-4E61-802E-431B1F742D12}.Debug|Any CPU.Build.0 = Debug|Any CPU
		{1C3FA299-4BB8-4E61-802E-431B1F742D12}.Release|Any CPU.ActiveCfg = Release|Any CPU
		{1C3FA299-4BB8-4E61-802E-431B1F742D12}.Release|Any CPU.Build.0 = Release|Any CPU
	EndGlobalSection
	GlobalSection(SolutionProperties) = preSolution
		HideSolutionNode = FALSE
	EndGlobalSection
	GlobalSection(ExtensibilityGlobals) = postSolution
		SolutionGuid = {E7DD977A-3B5E-4229-A88A-31E46CCA4BFB}
	EndGlobalSection
EndGlobal
